
Microsoft Visual Studio Solution File, Format Version 12.00
# Visual Studio Version 17
VisualStudioVersion = 17.8.34330.188
MinimumVisualStudioVersion = 10.0.40219.1
Project("{FAE04EC0-301F-11D3-BF4B-00C04F79EFBC}") = "OnovaHyper1", "OnovaHyper1\OnovaHyper1.csproj", "{11DC9290-8747-4785-915C-0A6246242656}"
EndProject
Global
	GlobalSection(SolutionConfigurationPlatforms) = preSolution
		Debug|Any CPU = Debug|Any CPU
		Release|Any CPU = Release|Any CPU
	EndGlobalSection
	GlobalSection(ProjectConfigurationPlatforms) = postSolution
		{11DC9290-8747-4785-915C-0A6246242656}.Debug|Any CPU.ActiveCfg = Debug|Any CPU
		{11DC9290-8747-4785-915C-0A6246242656}.Debug|Any CPU.Build.0 = Debug|Any CPU
		{11DC9290-8747-4785-915C-0A6246242656}.Release|Any CPU.ActiveCfg = Release|Any CPU
		{11DC9290-8747-4785-915C-0A6246242656}.Release|Any CPU.Build.0 = Release|Any CPU
	EndGlobalSection
	GlobalSection(SolutionProperties) = preSolution
		HideSolutionNode = FALSE
	EndGlobalSection
	GlobalSection(ExtensibilityGlobals) = postSolution
		SolutionGuid = {F88FF79C-7761-4589-BB75-F24766DBB0F7}
	EndGlobalSection
EndGlobal
